
Microsoft Visual Studio Solution File, Format Version 12.00
# Visual Studio Version 17
VisualStudioVersion = 17.3.32825.248
MinimumVisualStudioVersion = 10.0.40219.1
Project("{9A19103F-16F7-4668-BE54-9A1E7A4F7556}") = "Currencies", "..\Valiutos\Currencies.csproj", "{13DAA961-C798-46F3-B1BB-7F19F8F3E7C8}"
EndProject
Project("{FAE04EC0-301F-11D3-BF4B-00C04F79EFBC}") = "structMokinys", "..\structMokinys\structMokinys.csproj", "{6EC9292D-9502-4D85-B099-33D3E9FCC207}"
EndProject
Global
	GlobalSection(SolutionConfigurationPlatforms) = preSolution
		Debug|Any CPU = Debug|Any CPU
		Release|Any CPU = Release|Any CPU
	EndGlobalSection
	GlobalSection(ProjectConfigurationPlatforms) = postSolution
		{13DAA961-C798-46F3-B1BB-7F19F8F3E7C8}.Debug|Any CPU.ActiveCfg = Debug|Any CPU
		{13DAA961-C798-46F3-B1BB-7F19F8F3E7C8}.Debug|Any CPU.Build.0 = Debug|Any CPU
		{13DAA961-C798-46F3-B1BB-7F19F8F3E7C8}.Release|Any CPU.ActiveCfg = Release|Any CPU
		{13DAA961-C798-46F3-B1BB-7F19F8F3E7C8}.Release|Any CPU.Build.0 = Release|Any CPU
		{6EC9292D-9502-4D85-B099-33D3E9FCC207}.Debug|Any CPU.ActiveCfg = Debug|Any CPU
		{6EC9292D-9502-4D85-B099-33D3E9FCC207}.Debug|Any CPU.Build.0 = Debug|Any CPU
		{6EC9292D-9502-4D85-B099-33D3E9FCC207}.Release|Any CPU.ActiveCfg = Release|Any CPU
		{6EC9292D-9502-4D85-B099-33D3E9FCC207}.Release|Any CPU.Build.0 = Release|Any CPU
	EndGlobalSection
	GlobalSection(SolutionProperties) = preSolution
		HideSolutionNode = FALSE
	EndGlobalSection
	GlobalSection(ExtensibilityGlobals) = postSolution
		SolutionGuid = {480273DF-F62C-491D-B589-2E2521FCEF67}
	EndGlobalSection
EndGlobal
